<Solution>
  <Folder Name="/GitHubFiles/">
    <File Path=".github/workflows/build-and-publish.yml" />
    <File Path=".github/workflows/build-and-test.yml" />
	<File Path="README.md" />
  </Folder>
  <Project Path="ErikForwerk.TestAbstractions.v3/ErikForwerk.TestAbstractions.v3.csproj" />
  <Project Path="ErikForwerk.TestAbstractions.v3.Tests/ErikForwerk.TestAbstractions.v3.Tests.csproj" />
  <Project Path="ErikForwerk.TestAbstractions.STA.v3/ErikForwerk.TestAbstractions.STA.v3.csproj" />
  <Project Path="ErikForwerk.TestAbstractions.STA.v3.Tests/ErikForwerk.TestAbstractions.STA.v3.Tests.csproj" />
</Solution>

